
Microsoft Visual Studio Solution File, Format Version 12.00
# Visual Studio Version 16
VisualStudioVersion = 16.0.30225.117
MinimumVisualStudioVersion = 10.0.40219.1
Project("{8BC9CEB8-8B4A-11D0-8D11-00A0C91BC942}") = "Programming-Lab7", "Programming-Lab7\Programming-Lab7.vcxproj", "{6BD4E102-0BDA-4DA1-93CE-DA6643903E47}"
EndProject
Global
	GlobalSection(SolutionConfigurationPlatforms) = preSolution
		Debug|x64 = Debug|x64
		Debug|x86 = Debug|x86
		Release|x64 = Release|x64
		Release|x86 = Release|x86
	EndGlobalSection
	GlobalSection(ProjectConfigurationPlatforms) = postSolution
		{6BD4E102-0BDA-4DA1-93CE-DA6643903E47}.Debug|x64.ActiveCfg = Debug|x64
		{6BD4E102-0BDA-4DA1-93CE-DA6643903E47}.Debug|x64.Build.0 = Debug|x64
		{6BD4E102-0BDA-4DA1-93CE-DA6643903E47}.Debug|x86.ActiveCfg = Debug|Win32
		{6BD4E102-0BDA-4DA1-93CE-DA6643903E47}.Debug|x86.Build.0 = Debug|Win32
		{6BD4E102-0BDA-4DA1-93CE-DA6643903E47}.Release|x64.ActiveCfg = Release|x64
		{6BD4E102-0BDA-4DA1-93CE-DA6643903E47}.Release|x64.Build.0 = Release|x64
		{6BD4E102-0BDA-4DA1-93CE-DA6643903E47}.Release|x86.ActiveCfg = Release|Win32
		{6BD4E102-0BDA-4DA1-93CE-DA6643903E47}.Release|x86.Build.0 = Release|Win32
	EndGlobalSection
	GlobalSection(SolutionProperties) = preSolution
		HideSolutionNode = FALSE
	EndGlobalSection
	GlobalSection(ExtensibilityGlobals) = postSolution
		SolutionGuid = {90FFB5A9-F5E6-473A-96E9-0714B238B79F}
	EndGlobalSection
EndGlobal
